
Microsoft Visual Studio Solution File, Format Version 12.00
# Visual Studio Version 17
VisualStudioVersion = 17.0.31903.59
MinimumVisualStudioVersion = 10.0.40219.1
Project("{FAE04EC0-301F-11D3-BF4B-00C04F79EFBC}") = "Api.Policies", "Api.Policies\Api.Policies.csproj", "{988C91B8-5158-4053-B3E0-ED168A51A7AD}"
EndProject
Global
	GlobalSection(SolutionConfigurationPlatforms) = preSolution
		Debug|Any CPU = Debug|Any CPU
		Release|Any CPU = Release|Any CPU
	EndGlobalSection
	GlobalSection(SolutionProperties) = preSolution
		HideSolutionNode = FALSE
	EndGlobalSection
	GlobalSection(ProjectConfigurationPlatforms) = postSolution
		{988C91B8-5158-4053-B3E0-ED168A51A7AD}.Debug|Any CPU.ActiveCfg = Debug|Any CPU
		{988C91B8-5158-4053-B3E0-ED168A51A7AD}.Debug|Any CPU.Build.0 = Debug|Any CPU
		{988C91B8-5158-4053-B3E0-ED168A51A7AD}.Release|Any CPU.ActiveCfg = Release|Any CPU
		{988C91B8-5158-4053-B3E0-ED168A51A7AD}.Release|Any CPU.Build.0 = Release|Any CPU
	EndGlobalSection
EndGlobal
